{
  "name": "temp_skills",
  "version": "1.0.0",
  "lockfileVersion": 3,
  "requires": true,
  "packages": {
    "": {
      "name": "temp_skills",
      "version": "1.0.0",
      "license": "ISC",
      "dependencies": {
        "skills": "^1.4.0"
      }
    },
    "node_modules/skills": {
      "version": "1.4.0",
      "resolved": "https://registry.npmjs.org/skills/-/skills-1.4.0.tgz",
      "integrity": "sha512-uZd/HvRdrcNQjb8dwXlfDfYuSVpeVlEmWgpR8BS2MWA3/bi2eaQIg4RKtSyGU7twPTapW5V4ks/n92w7nugBcQ==",
      "license": "MIT",
      "bin": {
        "add-skill": "bin/cli.mjs",
        "skills": "bin/cli.mjs"
      },
      "engines": {
        "node": ">=18"
      }
    }
  }
}
